github.com/clbanning/mxj v1.8.4 h1:HuhwZtbyvyOw+3Z1AowPkU87JkJUSv751ELWaiTpj8I=
github.com/clbanning/mxj v1.8.4/go.mod h1:BVjHeAH+rl9rs6f+QIpeRl0tfu10SXn1pUSa5PVGJng=
github.com/golang/glog v0.0.0-20210429001901-424d2337a529 h1:2voWjNECnrZRbfwXxHB1/j8wa6xdKn85B5NzgVL/pTU=
github.com/golang/glog v0.0.0-20210429001901-424d2337a529/go.mod h1:SBH7ygxi8pfUlaOkMMuAQtPIUF8ecWP5IEl/CR7VP2Q=
github.com/google/uuid v1.2.0 h1:qJYtXnJRWmpe7m/3XlyhrsLrEURqHRM2kxzoxXqyUDs=
github.com/google/uuid v1.2.0/go.mod h1:TIyPZe4MgqvfeYDBFedMoGGpEw/LqOeaOT+nhxU+yHo=
github.com/quocson95/go-onvif v1.0.6 h1:ugqZZjlKzyefdvYD8YBmf5TZNdtLmK6WoC/BJdtVN1w=
github.com/quocson95/go-onvif v1.0.6/go.mod h1:UGDzD1FBinBWr2mDdrfXXEr4TkreIZTSzwqm452CDU0=
